
Microsoft Visual Studio Solution File, Format Version 12.00
# Visual Studio 15
VisualStudioVersion = 15.0.28010.2048
MinimumVisualStudioVersion = 10.0.40219.1
Project("{FAE04EC0-301F-11D3-BF4B-00C04F79EFBC}") = "Ex28-CsharpMedDatabase", "Ex28-CsharpMedDatabase\Ex28-CsharpMedDatabase.csproj", "{D3CC31C1-114E-49C5-8C6A-2AC8B55BF40E}"
EndProject
Global
	GlobalSection(SolutionConfigurationPlatforms) = preSolution
		Debug|Any CPU = Debug|Any CPU
		Release|Any CPU = Release|Any CPU
	EndGlobalSection
	GlobalSection(ProjectConfigurationPlatforms) = postSolution
		{D3CC31C1-114E-49C5-8C6A-2AC8B55BF40E}.Debug|Any CPU.ActiveCfg = Debug|Any CPU
		{D3CC31C1-114E-49C5-8C6A-2AC8B55BF40E}.Debug|Any CPU.Build.0 = Debug|Any CPU
		{D3CC31C1-114E-49C5-8C6A-2AC8B55BF40E}.Release|Any CPU.ActiveCfg = Release|Any CPU
		{D3CC31C1-114E-49C5-8C6A-2AC8B55BF40E}.Release|Any CPU.Build.0 = Release|Any CPU
	EndGlobalSection
	GlobalSection(SolutionProperties) = preSolution
		HideSolutionNode = FALSE
	EndGlobalSection
	GlobalSection(ExtensibilityGlobals) = postSolution
		SolutionGuid = {A6D8D4E5-BD31-4027-BEFD-8AE0E4B95745}
	EndGlobalSection
EndGlobal
